
Microsoft Visual Studio Solution File, Format Version 12.00
# Visual Studio Version 17
VisualStudioVersion = 17.11.35208.52
MinimumVisualStudioVersion = 10.0.40219.1
Project("{FAE04EC0-301F-11D3-BF4B-00C04F79EFBC}") = "E-CommerceSystem", "E-CommerceSystem.csproj", "{320DD299-D408-458B-AA15-640EF8A4CFF7}"
EndProject
Global
	GlobalSection(SolutionConfigurationPlatforms) = preSolution
		Debug|Any CPU = Debug|Any CPU
		Release|Any CPU = Release|Any CPU
	EndGlobalSection
	GlobalSection(ProjectConfigurationPlatforms) = postSolution
		{320DD299-D408-458B-AA15-640EF8A4CFF7}.Debug|Any CPU.ActiveCfg = Debug|Any CPU
		{320DD299-D408-458B-AA15-640EF8A4CFF7}.Debug|Any CPU.Build.0 = Debug|Any CPU
		{320DD299-D408-458B-AA15-640EF8A4CFF7}.Release|Any CPU.ActiveCfg = Release|Any CPU
		{320DD299-D408-458B-AA15-640EF8A4CFF7}.Release|Any CPU.Build.0 = Release|Any CPU
	EndGlobalSection
	GlobalSection(SolutionProperties) = preSolution
		HideSolutionNode = FALSE
	EndGlobalSection
	GlobalSection(ExtensibilityGlobals) = postSolution
		SolutionGuid = {D5C82F4F-59CD-4C59-8056-586DBD0FA8FD}
	EndGlobalSection
EndGlobal
